// !$*UTF8*$!
{
	archiveVersion = 1;
	classes = {
	};
	objectVersion = 46;
	objects = {

/* Begin PBXBuildFile section */
		837F07A01C52B7CC00378F39 /* AppDelegate.swift in Sources */ = {isa = PBXBuildFile; fileRef = 837F079F1C52B7CC00378F39 /* AppDelegate.swift */; };
		837F07A21C52B7CC00378F39 /* ViewController.swift in Sources */ = {isa = PBXBuildFile; fileRef = 837F07A11C52B7CC00378F39 /* ViewController.swift */; };
		837F07A51C52B7CC00378F39 /* Main.storyboard in Resources */ = {isa = PBXBuildFile; fileRef = 837F07A31C52B7CC00378F39 /* Main.storyboard */; };
		837F07A71C52B7CC00378F39 /* Assets.xcassets in Resources */ = {isa = PBXBuildFile; fileRef = 837F07A61C52B7CC00378F39 /* Assets.xcassets */; };
		837F07AA1C52B7CC00378F39 /* LaunchScreen.storyboard in Resources */ = {isa = PBXBuildFile; fileRef = 837F07A81C52B7CC00378F39 /* LaunchScreen.storyboard */; };
		837F0AB81C52E25F00378F39 /* SayKit.framework in Frameworks */ = {isa = PBXBuildFile; fileRef = 837F0AB71C52E25F00378F39 /* SayKit.framework */; };
		837F0ABA1C52E2A500378F39 /* SayKit.framework in Embed Frameworks */ = {isa = PBXBuildFile; fileRef = 837F0AB71C52E25F00378F39 /* SayKit.framework */; settings = {ATTRIBUTES = (CodeSignOnCopy, RemoveHeadersOnCopy, ); }; };
/* End PBXBuildFile section */

/* Begin PBXCopyFilesBuildPhase section */
		837F0ABB1C52E2A600378F39 /* Embed Frameworks */ = {
			isa = PBXCopyFilesBuildPhase;
			buildActionMask = 2147483647;
			dstPath = "";
			dstSubfolderSpec = 10;
			files = (
				837F0ABA1C52E2A500378F39 /* SayKit.framework in Embed Frameworks */,
			);
			name = "Embed Frameworks";
			runOnlyForDeploymentPostprocessing = 0;
		};
/* End PBXCopyFilesBuildPhase section */

/* Begin PBXFileReference section */
		837F079C1C52B7CB00378F39 /* RecipeAppPart1.app */ = {isa = PBXFileReference; explicitFileType = wrapper.application; includeInIndex = 0; path = RecipeAppPart1.app; sourceTree = BUILT_PRODUCTS_DIR; };
		837F079F1C52B7CC00378F39 /* AppDelegate.swift */ = {isa = PBXFileReference; lastKnownFileType = sourcecode.swift; path = AppDelegate.swift; sourceTree = "<group>"; };
		837F07A11C52B7CC00378F39 /* ViewController.swift */ = {isa = PBXFileReference; lastKnownFileType = sourcecode.swift; path = ViewController.swift; sourceTree = "<group>"; };
		837F07A41C52B7CC00378F39 /* Base */ = {isa = PBXFileReference; lastKnownFileType = file.storyboard; name = Base; path = Base.lproj/Main.storyboard; sourceTree = "<group>"; };
		837F07A61C52B7CC00378F39 /* Assets.xcassets */ = {isa = PBXFileReference; lastKnownFileType = folder.assetcatalog; path = Assets.xcassets; sourceTree = "<group>"; };
		837F07A91C52B7CC00378F39 /* Base */ = {isa = PBXFileReference; lastKnownFileType = file.storyboard; name = Base; path = Base.lproj/LaunchScreen.storyboard; sourceTree = "<group>"; };
		837F07AB1C52B7CC00378F39 /* Info.plist */ = {isa = PBXFileReference; lastKnownFileType = text.plist.xml; path = Info.plist; sourceTree = "<group>"; };
		837F0AAC1C52BB5600378F39 /* RecipeAppPart1-Bridging-Header.h */ = {isa = PBXFileReference; lastKnownFileType = sourcecode.c.h; path = "RecipeAppPart1-Bridging-Header.h"; sourceTree = "<group>"; };
		837F0AB71C52E25F00378F39 /* SayKit.framework */ = {isa = PBXFileReference; lastKnownFileType = wrapper.framework; path = SayKit.framework; sourceTree = "<group>"; };
/* End PBXFileReference section */

/* Begin PBXFrameworksBuildPhase section */
		837F07991C52B7CB00378F39 /* Frameworks */ = {
			isa = PBXFrameworksBuildPhase;
			buildActionMask = 2147483647;
			files = (
				837F0AB81C52E25F00378F39 /* SayKit.framework in Frameworks */,
			);
			runOnlyForDeploymentPostprocessing = 0;
		};
/* End PBXFrameworksBuildPhase section */

/* Begin PBXGroup section */
		837F07931C52B7CB00378F39 = {
			isa = PBXGroup;
			children = (
				837F0AB71C52E25F00378F39 /* SayKit.framework */,
				837F079E1C52B7CB00378F39 /* RecipeAppPart1 */,
				837F079D1C52B7CB00378F39 /* Products */,
			);
			sourceTree = "<group>";
		};
		837F079D1C52B7CB00378F39 /* Products */ = {
			isa = PBXGroup;
			children = (
				837F079C1C52B7CB00378F39 /* RecipeAppPart1.app */,
			);
			name = Products;
			sourceTree = "<group>";
		};
		837F079E1C52B7CB00378F39 /* RecipeAppPart1 */ = {
			isa = PBXGroup;
			children = (
				837F079F1C52B7CC00378F39 /* AppDelegate.swift */,
				837F07A11C52B7CC00378F39 /* ViewController.swift */,
				837F07A31C52B7CC00378F39 /* Main.storyboard */,
				837F07A61C52B7CC00378F39 /* Assets.xcassets */,
				837F07A81C52B7CC00378F39 /* LaunchScreen.storyboard */,
				837F07AB1C52B7CC00378F39 /* Info.plist */,
				837F0AAC1C52BB5600378F39 /* RecipeAppPart1-Bridging-Header.h */,
			);
			path = RecipeAppPart1;
			sourceTree = "<group>";
		};
/* End PBXGroup section */

/* Begin PBXNativeTarget section */
		837F079B1C52B7CB00378F39 /* RecipeAppPart1 */ = {
			isa = PBXNativeTarget;
			buildConfigurationList = 837F07AE1C52B7CC00378F39 /* Build configuration list for PBXNativeTarget "RecipeAppPart1" */;
			buildPhases = (
				837F07981C52B7CB00378F39 /* Sources */,
				837F07991C52B7CB00378F39 /* Frameworks */,
				837F079A1C52B7CB00378F39 /* Resources */,
				837F0ABB1C52E2A600378F39 /* Embed Frameworks */,
			);
			buildRules = (
			);
			dependencies = (
			);
			name = RecipeAppPart1;
			productName = RecipeAppPart1;
			productReference = 837F079C1C52B7CB00378F39 /* RecipeAppPart1.app */;
			productType = "com.apple.product-type.application";
		};
/* End PBXNativeTarget section */

/* Begin PBXProject section */
		837F07941C52B7CB00378F39 /* Project object */ = {
			isa = PBXProject;
			attributes = {
				LastSwiftUpdateCheck = 0720;
				LastUpgradeCheck = 0720;
				ORGANIZATIONNAME = "Conversant Labs";
				TargetAttributes = {
					837F079B1C52B7CB00378F39 = {
						CreatedOnToolsVersion = 7.2;
					};
				};
			};
			buildConfigurationList = 837F07971C52B7CB00378F39 /* Build configuration list for PBXProject "RecipeAppPart1" */;
			compatibilityVersion = "Xcode 3.2";
			developmentRegion = English;
			hasScannedForEncodings = 0;
			knownRegions = (
				en,
				Base,
			);
			mainGroup = 837F07931C52B7CB00378F39;
			productRefGroup = 837F079D1C52B7CB00378F39 /* Products */;
			projectDirPath = "";
			projectRoot = "";
			targets = (
				837F079B1C52B7CB00378F39 /* RecipeAppPart1 */,
			);
		};
/* End PBXProject section */

/* Begin PBXResourcesBuildPhase section */
		837F079A1C52B7CB00378F39 /* Resources */ = {
			isa = PBXResourcesBuildPhase;
			buildActionMask = 2147483647;
			files = (
				837F07AA1C52B7CC00378F39 /* LaunchScreen.storyboard in Resources */,
				837F07A71C52B7CC00378F39 /* Assets.xcassets in Resources */,
				837F07A51C52B7CC00378F39 /* Main.storyboard in Resources */,
			);
			runOnlyForDeploymentPostprocessing = 0;
		};
/* End PBXResourcesBuildPhase section */

/* Begin PBXSourcesBuildPhase section */
		837F07981C52B7CB00378F39 /* Sources */ = {
			isa = PBXSourcesBuildPhase;
			buildActionMask = 2147483647;
			files = (
				837F07A21C52B7CC00378F39 /* ViewController.swift in Sources */,
				837F07A01C52B7CC00378F39 /* AppDelegate.swift in Sources */,
			);
			runOnlyForDeploymentPostprocessing = 0;
		};
/* End PBXSourcesBuildPhase section */

/* Begin PBXVariantGroup section */
		837F07A31C52B7CC00378F39 /* Main.storyboard */ = {
			isa = PBXVariantGroup;
			children = (
				837F07A41C52B7CC00378F39 /* Base */,
			);
			name = Main.storyboard;
			sourceTree = "<group>";
		};
		837F07A81C52B7CC00378F39 /* LaunchScreen.storyboard */ = {
			isa = PBXVariantGroup;
			children = (
				837F07A91C52B7CC00378F39 /* Base */,
			);
			name = LaunchScreen.storyboard;
			sourceTree = "<group>";
		};
/* End PBXVariantGroup section */

/* Begin XCBuildConfiguration section */
		837F07AC1C52B7CC00378F39 /* Debug */ = {
			isa = XCBuildConfiguration;
			buildSettings = {
				ALWAYS_SEARCH_USER_PATHS = NO;
				CLANG_CXX_LANGUAGE_STANDARD = "gnu++0x";
				CLANG_CXX_LIBRARY = "libc++";
				CLANG_ENABLE_MODULES = YES;
				CLANG_ENABLE_OBJC_ARC = YES;
				CLANG_WARN_BOOL_CONVERSION = YES;
				CLANG_WARN_CONSTANT_CONVERSION = YES;
				CLANG_WARN_DIRECT_OBJC_ISA_USAGE = YES_ERROR;
				CLANG_WARN_EMPTY_BODY = YES;
				CLANG_WARN_ENUM_CONVERSION = YES;
				CLANG_WARN_INT_CONVERSION = YES;
				CLANG_WARN_OBJC_ROOT_CLASS = YES_ERROR;
				CLANG_WARN_UNREACHABLE_CODE = YES;
				CLANG_WARN__DUPLICATE_METHOD_MATCH = YES;
				"CODE_SIGN_IDENTITY[sdk=iphoneos*]" = "iPhone Developer";
				COPY_PHASE_STRIP = NO;
				DEBUG_INFORMATION_FORMAT = dwarf;
				ENABLE_STRICT_OBJC_MSGSEND = YES;
				ENABLE_TESTABILITY = YES;
				GCC_C_LANGUAGE_STANDARD = gnu99;
				GCC_DYNAMIC_NO_PIC = NO;
				GCC_NO_COMMON_BLOCKS = YES;
				GCC_OPTIMIZATION_LEVEL = 0;
				GCC_PREPROCESSOR_DEFINITIONS = (
					"DEBUG=1",
					"$(inherited)",
				);
				GCC_WARN_64_TO_32_BIT_CONVERSION = YES;
				GCC_WARN_ABOUT_RETURN_TYPE = YES_ERROR;
				GCC_WARN_UNDECLARED_SELECTOR = YES;
				GCC_WARN_UNINITIALIZED_AUTOS = YES_AGGRESSIVE;
				GCC_WARN_UNUSED_FUNCTION = YES;
				GCC_WARN_UNUSED_VARIABLE = YES;
				IPHONEOS_DEPLOYMENT_TARGET = 9.2;
				MTL_ENABLE_DEBUG_INFO = YES;
				ONLY_ACTIVE_ARCH = YES;
				SDKROOT = iphoneos;
				SWIFT_OBJC_BRIDGING_HEADER = "RecipeAppPart1/RecipeAppPart1-Bridging-Header.h";
				SWIFT_OPTIMIZATION_LEVEL = "-Onone";
				TARGETED_DEVICE_FAMILY = "1,2";
			};
			name = Debug;
		};
		837F07AD1C52B7CC00378F39 /* Release */ = {
			isa = XCBuildConfiguration;
			buildSettings = {
				ALWAYS_SEARCH_USER_PATHS = NO;
				CLANG_CXX_LANGUAGE_STANDARD = "gnu++0x";
				CLANG_CXX_LIBRARY = "libc++";
				CLANG_ENABLE_MODULES = YES;
				CLANG_ENABLE_OBJC_ARC = YES;
				CLANG_WARN_BOOL_CONVERSION = YES;
				CLANG_WARN_CONSTANT_CONVERSION = YES;
				CLANG_WARN_DIRECT_OBJC_ISA_USAGE = YES_ERROR;
				CLANG_WARN_EMPTY_BODY = YES;
				CLANG_WARN_ENUM_CONVERSION = YES;
				CLANG_WARN_INT_CONVERSION = YES;
				CLANG_WARN_OBJC_ROOT_CLASS = YES_ERROR;
				CLANG_WARN_UNREACHABLE_CODE = YES;
				CLANG_WARN__DUPLICATE_METHOD_MATCH = YES;
				"CODE_SIGN_IDENTITY[sdk=iphoneos*]" = "iPhone Developer";
				COPY_PHASE_STRIP = NO;
				DEBUG_INFORMATION_FORMAT = "dwarf-with-dsym";
				ENABLE_NS_ASSERTIONS = NO;
				ENABLE_STRICT_OBJC_MSGSEND = YES;
				GCC_C_LANGUAGE_STANDARD = gnu99;
				GCC_NO_COMMON_BLOCKS = YES;
				GCC_WARN_64_TO_32_BIT_CONVERSION = YES;
				GCC_WARN_ABOUT_RETURN_TYPE = YES_ERROR;
				GCC_WARN_UNDECLARED_SELECTOR = YES;
				GCC_WARN_UNINITIALIZED_AUTOS = YES_AGGRESSIVE;
				GCC_WARN_UNUSED_FUNCTION = YES;
				GCC_WARN_UNUSED_VARIABLE = YES;
				IPHONEOS_DEPLOYMENT_TARGET = 9.2;
				MTL_ENABLE_DEBUG_INFO = NO;
				SDKROOT = iphoneos;
				SWIFT_OBJC_BRIDGING_HEADER = "RecipeAppPart1/RecipeAppPart1-Bridging-Header.h";
				TARGETED_DEVICE_FAMILY = "1,2";
				VALIDATE_PRODUCT = YES;
			};
			name = Release;
		};
		837F07AF1C52B7CC00378F39 /* Debug */ = {
			isa = XCBuildConfiguration;
			buildSettings = {
				ASSETCATALOG_COMPILER_APPICON_NAME = AppIcon;
				FRAMEWORK_SEARCH_PATHS = (
					"$(inherited)",
					"$(PROJECT_DIR)/RecipeAppPart1",
					"$(PROJECT_DIR)",
				);
				INFOPLIST_FILE = RecipeAppPart1/Info.plist;
				LD_RUNPATH_SEARCH_PATHS = "$(inherited) @executable_path/Frameworks";
				PRODUCT_BUNDLE_IDENTIFIER = com.conversantlabs.RecipeAppPart1;
				PRODUCT_NAME = "$(TARGET_NAME)";
				SWIFT_OBJC_BRIDGING_HEADER = "RecipeAppPart1/RecipeAppPart1-Bridging-Header.h";
			};
			name = Debug;
		};
		837F07B01C52B7CC00378F39 /* Release */ = {
			isa = XCBuildConfiguration;
			buildSettings = {
				ASSETCATALOG_COMPILER_APPICON_NAME = AppIcon;
				FRAMEWORK_SEARCH_PATHS = (
					"$(inherited)",
					"$(PROJECT_DIR)/RecipeAppPart1",
					"$(PROJECT_DIR)",
				);
				INFOPLIST_FILE = RecipeAppPart1/Info.plist;
				LD_RUNPATH_SEARCH_PATHS = "$(inherited) @executable_path/Frameworks";
				PRODUCT_BUNDLE_IDENTIFIER = com.conversantlabs.RecipeAppPart1;
				PRODUCT_NAME = "$(TARGET_NAME)";
				SWIFT_OBJC_BRIDGING_HEADER = "RecipeAppPart1/RecipeAppPart1-Bridging-Header.h";
			};
			name = Release;
		};
/* End XCBuildConfiguration section */

/* Begin XCConfigurationList section */
		837F07971C52B7CB00378F39 /* Build configuration list for PBXProject "RecipeAppPart1" */ = {
			isa = XCConfigurationList;
			buildConfigurations = (
				837F07AC1C52B7CC00378F39 /* Debug */,
				837F07AD1C52B7CC00378F39 /* Release */,
			);
			defaultConfigurationIsVisible = 0;
			defaultConfigurationName = Release;
		};
		837F07AE1C52B7CC00378F39 /* Build configuration list for PBXNativeTarget "RecipeAppPart1" */ = {
			isa = XCConfigurationList;
			buildConfigurations = (
				837F07AF1C52B7CC00378F39 /* Debug */,
				837F07B01C52B7CC00378F39 /* Release */,
			);
			defaultConfigurationIsVisible = 0;
		};
/* End XCConfigurationList section */
	};
	rootObject = 837F07941C52B7CB00378F39 /* Project object */;
}
